// !$*UTF8*$!
{
	archiveVersion = 1;
	classes = {
	};
	objectVersion = 50;
	objects = {

/* Begin PBXBuildFile section */
		983D972B2197085000BE1A29 /* RCTSignaling.m in Sources */ = {isa = PBXBuildFile; fileRef = 983D972A2197085000BE1A29 /* RCTSignaling.m */; };
		983D972C2197085000BE1A29 /* RCTSignaling.h in CopyFiles */ = {isa = PBXBuildFile; fileRef = 983D97292197085000BE1A29 /* RCTSignaling.h */; };
/* End PBXBuildFile section */

/* Begin PBXCopyFilesBuildPhase section */
		983D97242197085000BE1A29 /* CopyFiles */ = {
			isa = PBXCopyFilesBuildPhase;
			buildActionMask = 2147483647;
			dstPath = "include/$(PRODUCT_NAME)";
			dstSubfolderSpec = 16;
			files = (
				983D972C2197085000BE1A29 /* RCTSignaling.h in CopyFiles */,
			);
			runOnlyForDeploymentPostprocessing = 0;
		};
/* End PBXCopyFilesBuildPhase section */

/* Begin PBXFileReference section */
		983D97262197085000BE1A29 /* libRCTSignaling.a */ = {isa = PBXFileReference; explicitFileType = archive.ar; includeInIndex = 0; path = libRCTSignaling.a; sourceTree = BUILT_PRODUCTS_DIR; };
		983D97292197085000BE1A29 /* RCTSignaling.h */ = {isa = PBXFileReference; lastKnownFileType = sourcecode.c.h; path = RCTSignaling.h; sourceTree = "<group>"; };
		983D972A2197085000BE1A29 /* RCTSignaling.m */ = {isa = PBXFileReference; lastKnownFileType = sourcecode.c.objc; path = RCTSignaling.m; sourceTree = "<group>"; };
		983D99E82199960100BE1A29 /* libs */ = {isa = PBXFileReference; lastKnownFileType = folder; path = libs; sourceTree = "<group>"; };
/* End PBXFileReference section */

/* Begin PBXFrameworksBuildPhase section */
		983D97232197085000BE1A29 /* Frameworks */ = {
			isa = PBXFrameworksBuildPhase;
			buildActionMask = 2147483647;
			files = (
			);
			runOnlyForDeploymentPostprocessing = 0;
		};
/* End PBXFrameworksBuildPhase section */

/* Begin PBXGroup section */
		983D971D2197085000BE1A29 = {
			isa = PBXGroup;
			children = (
				983D97282197085000BE1A29 /* RCTSignaling */,
				983D97272197085000BE1A29 /* Products */,
			);
			sourceTree = "<group>";
		};
		983D97272197085000BE1A29 /* Products */ = {
			isa = PBXGroup;
			children = (
				983D97262197085000BE1A29 /* libRCTSignaling.a */,
			);
			name = Products;
			sourceTree = "<group>";
		};
		983D97282197085000BE1A29 /* RCTSignaling */ = {
			isa = PBXGroup;
			children = (
				983D99E82199960100BE1A29 /* libs */,
				983D97292197085000BE1A29 /* RCTSignaling.h */,
				983D972A2197085000BE1A29 /* RCTSignaling.m */,
			);
			path = RCTSignaling;
			sourceTree = "<group>";
		};
/* End PBXGroup section */

/* Begin PBXNativeTarget section */
		983D97252197085000BE1A29 /* RCTSignaling */ = {
			isa = PBXNativeTarget;
			buildConfigurationList = 983D972F2197085000BE1A29 /* Build configuration list for PBXNativeTarget "RCTSignaling" */;
			buildPhases = (
				983D97222197085000BE1A29 /* Sources */,
				983D97232197085000BE1A29 /* Frameworks */,
				983D97242197085000BE1A29 /* CopyFiles */,
			);
			buildRules = (
			);
			dependencies = (
			);
			name = RCTSignaling;
			productName = RCTSignaling;
			productReference = 983D97262197085000BE1A29 /* libRCTSignaling.a */;
			productType = "com.apple.product-type.library.static";
		};
/* End PBXNativeTarget section */

/* Begin PBXProject section */
		983D971E2197085000BE1A29 /* Project object */ = {
			isa = PBXProject;
			attributes = {
				LastUpgradeCheck = 0940;
				ORGANIZATIONNAME = "黄洪波";
				TargetAttributes = {
					983D97252197085000BE1A29 = {
						CreatedOnToolsVersion = 9.4;
					};
				};
			};
			buildConfigurationList = 983D97212197085000BE1A29 /* Build configuration list for PBXProject "RCTSignaling" */;
			compatibilityVersion = "Xcode 9.3";
			developmentRegion = en;
			hasScannedForEncodings = 0;
			knownRegions = (
				en,
			);
			mainGroup = 983D971D2197085000BE1A29;
			productRefGroup = 983D97272197085000BE1A29 /* Products */;
			projectDirPath = "";
			projectRoot = "";
			targets = (
				983D97252197085000BE1A29 /* RCTSignaling */,
			);
		};
/* End PBXProject section */

/* Begin PBXSourcesBuildPhase section */
		983D97222197085000BE1A29 /* Sources */ = {
			isa = PBXSourcesBuildPhase;
			buildActionMask = 2147483647;
			files = (
				983D972B2197085000BE1A29 /* RCTSignaling.m in Sources */,
			);
			runOnlyForDeploymentPostprocessing = 0;
		};
/* End PBXSourcesBuildPhase section */

/* Begin XCBuildConfiguration section */
		983D972D2197085000BE1A29 /* Debug */ = {
			isa = XCBuildConfiguration;
			buildSettings = {
				ALWAYS_SEARCH_USER_PATHS = NO;
				CLANG_ANALYZER_NONNULL = YES;
				CLANG_ANALYZER_NUMBER_OBJECT_CONVERSION = YES_AGGRESSIVE;
				CLANG_CXX_LANGUAGE_STANDARD = "gnu++14";
				CLANG_CXX_LIBRARY = "libc++";
				CLANG_ENABLE_MODULES = YES;
				CLANG_ENABLE_OBJC_ARC = YES;
				CLANG_ENABLE_OBJC_WEAK = YES;
				CLANG_WARN_BLOCK_CAPTURE_AUTORELEASING = YES;
				CLANG_WARN_BOOL_CONVERSION = YES;
				CLANG_WARN_COMMA = YES;
				CLANG_WARN_CONSTANT_CONVERSION = YES;
				CLANG_WARN_DEPRECATED_OBJC_IMPLEMENTATIONS = YES;
				CLANG_WARN_DIRECT_OBJC_ISA_USAGE = YES_ERROR;
				CLANG_WARN_DOCUMENTATION_COMMENTS = YES;
				CLANG_WARN_EMPTY_BODY = YES;
				CLANG_WARN_ENUM_CONVERSION = YES;
				CLANG_WARN_INFINITE_RECURSION = YES;
				CLANG_WARN_INT_CONVERSION = YES;
				CLANG_WARN_NON_LITERAL_NULL_CONVERSION = YES;
				CLANG_WARN_OBJC_IMPLICIT_RETAIN_SELF = YES;
				CLANG_WARN_OBJC_LITERAL_CONVERSION = YES;
				CLANG_WARN_OBJC_ROOT_CLASS = YES_ERROR;
				CLANG_WARN_RANGE_LOOP_ANALYSIS = YES;
				CLANG_WARN_STRICT_PROTOTYPES = YES;
				CLANG_WARN_SUSPICIOUS_MOVE = YES;
				CLANG_WARN_UNGUARDED_AVAILABILITY = YES_AGGRESSIVE;
				CLANG_WARN_UNREACHABLE_CODE = YES;
				CLANG_WARN__DUPLICATE_METHOD_MATCH = YES;
				CODE_SIGN_IDENTITY = "iPhone Developer";
				COPY_PHASE_STRIP = NO;
				DEBUG_INFORMATION_FORMAT = dwarf;
				ENABLE_STRICT_OBJC_MSGSEND = YES;
				ENABLE_TESTABILITY = YES;
				GCC_C_LANGUAGE_STANDARD = gnu11;
				GCC_DYNAMIC_NO_PIC = NO;
				GCC_NO_COMMON_BLOCKS = YES;
				GCC_OPTIMIZATION_LEVEL = 0;
				GCC_PREPROCESSOR_DEFINITIONS = (
					"DEBUG=1",
					"$(inherited)",
				);
				GCC_WARN_64_TO_32_BIT_CONVERSION = YES;
				GCC_WARN_ABOUT_RETURN_TYPE = YES_ERROR;
				GCC_WARN_UNDECLARED_SELECTOR = YES;
				GCC_WARN_UNINITIALIZED_AUTOS = YES_AGGRESSIVE;
				GCC_WARN_UNUSED_FUNCTION = YES;
				GCC_WARN_UNUSED_VARIABLE = YES;
				IPHONEOS_DEPLOYMENT_TARGET = 11.4;
				MTL_ENABLE_DEBUG_INFO = YES;
				ONLY_ACTIVE_ARCH = YES;
				SDKROOT = iphoneos;
			};
			name = Debug;
		};
		983D972E2197085000BE1A29 /* Release */ = {
			isa = XCBuildConfiguration;
			buildSettings = {
				ALWAYS_SEARCH_USER_PATHS = NO;
				CLANG_ANALYZER_NONNULL = YES;
				CLANG_ANALYZER_NUMBER_OBJECT_CONVERSION = YES_AGGRESSIVE;
				CLANG_CXX_LANGUAGE_STANDARD = "gnu++14";
				CLANG_CXX_LIBRARY = "libc++";
				CLANG_ENABLE_MODULES = YES;
				CLANG_ENABLE_OBJC_ARC = YES;
				CLANG_ENABLE_OBJC_WEAK = YES;
				CLANG_WARN_BLOCK_CAPTURE_AUTORELEASING = YES;
				CLANG_WARN_BOOL_CONVERSION = YES;
				CLANG_WARN_COMMA = YES;
				CLANG_WARN_CONSTANT_CONVERSION = YES;
				CLANG_WARN_DEPRECATED_OBJC_IMPLEMENTATIONS = YES;
				CLANG_WARN_DIRECT_OBJC_ISA_USAGE = YES_ERROR;
				CLANG_WARN_DOCUMENTATION_COMMENTS = YES;
				CLANG_WARN_EMPTY_BODY = YES;
				CLANG_WARN_ENUM_CONVERSION = YES;
				CLANG_WARN_INFINITE_RECURSION = YES;
				CLANG_WARN_INT_CONVERSION = YES;
				CLANG_WARN_NON_LITERAL_NULL_CONVERSION = YES;
				CLANG_WARN_OBJC_IMPLICIT_RETAIN_SELF = YES;
				CLANG_WARN_OBJC_LITERAL_CONVERSION = YES;
				CLANG_WARN_OBJC_ROOT_CLASS = YES_ERROR;
				CLANG_WARN_RANGE_LOOP_ANALYSIS = YES;
				CLANG_WARN_STRICT_PROTOTYPES = YES;
				CLANG_WARN_SUSPICIOUS_MOVE = YES;
				CLANG_WARN_UNGUARDED_AVAILABILITY = YES_AGGRESSIVE;
				CLANG_WARN_UNREACHABLE_CODE = YES;
				CLANG_WARN__DUPLICATE_METHOD_MATCH = YES;
				CODE_SIGN_IDENTITY = "iPhone Developer";
				COPY_PHASE_STRIP = NO;
				DEBUG_INFORMATION_FORMAT = "dwarf-with-dsym";
				ENABLE_NS_ASSERTIONS = NO;
				ENABLE_STRICT_OBJC_MSGSEND = YES;
				GCC_C_LANGUAGE_STANDARD = gnu11;
				GCC_NO_COMMON_BLOCKS = YES;
				GCC_WARN_64_TO_32_BIT_CONVERSION = YES;
				GCC_WARN_ABOUT_RETURN_TYPE = YES_ERROR;
				GCC_WARN_UNDECLARED_SELECTOR = YES;
				GCC_WARN_UNINITIALIZED_AUTOS = YES_AGGRESSIVE;
				GCC_WARN_UNUSED_FUNCTION = YES;
				GCC_WARN_UNUSED_VARIABLE = YES;
				IPHONEOS_DEPLOYMENT_TARGET = 11.4;
				MTL_ENABLE_DEBUG_INFO = NO;
				SDKROOT = iphoneos;
				VALIDATE_PRODUCT = YES;
			};
			name = Release;
		};
		983D97302197085000BE1A29 /* Debug */ = {
			isa = XCBuildConfiguration;
			buildSettings = {
				ALWAYS_SEARCH_USER_PATHS = YES;
				CODE_SIGN_STYLE = Automatic;
				DEVELOPMENT_TEAM = AN4TJ5AD3C;
				"FRAMEWORK_SEARCH_PATHS[arch=*]" = "$(PROJECT_DIR)/RCTSignaling/libs";
				HEADER_SEARCH_PATHS = (
					"\"$(SRCROOT)/../../react-native/React\"",
					"\"$(SRCROOT)/../../react-native/Libraries\"",
				);
				"HEADER_SEARCH_PATHS[arch=*]" = "$(PROJECT_DIR)/RCTSignaling/libs";
				"LIBRARY_SEARCH_PATHS[arch=*]" = "$(PROJECT_DIR)/RCTSignaling/libs";
				OTHER_LDFLAGS = "-ObjC";
				PRODUCT_NAME = "$(TARGET_NAME)";
				SKIP_INSTALL = YES;
				TARGETED_DEVICE_FAMILY = "1,2";
			};
			name = Debug;
		};
		983D97312197085000BE1A29 /* Release */ = {
			isa = XCBuildConfiguration;
			buildSettings = {
				ALWAYS_SEARCH_USER_PATHS = YES;
				CODE_SIGN_STYLE = Automatic;
				DEVELOPMENT_TEAM = AN4TJ5AD3C;
				"FRAMEWORK_SEARCH_PATHS[arch=*]" = "$(PROJECT_DIR)/RCTSignaling/libs";
				HEADER_SEARCH_PATHS = "\"$(SRCROOT)/../../react-native/React\"";
				"HEADER_SEARCH_PATHS[arch=*]" = "$(PROJECT_DIR)/RCTSignaling/libs";
				"LIBRARY_SEARCH_PATHS[arch=*]" = "$(PROJECT_DIR)/RCTSignaling/libs";
				OTHER_LDFLAGS = "-ObjC";
				PRODUCT_NAME = "$(TARGET_NAME)";
				SKIP_INSTALL = YES;
				TARGETED_DEVICE_FAMILY = "1,2";
			};
			name = Release;
		};
/* End XCBuildConfiguration section */

/* Begin XCConfigurationList section */
		983D97212197085000BE1A29 /* Build configuration list for PBXProject "RCTSignaling" */ = {
			isa = XCConfigurationList;
			buildConfigurations = (
				983D972D2197085000BE1A29 /* Debug */,
				983D972E2197085000BE1A29 /* Release */,
			);
			defaultConfigurationIsVisible = 0;
			defaultConfigurationName = Release;
		};
		983D972F2197085000BE1A29 /* Build configuration list for PBXNativeTarget "RCTSignaling" */ = {
			isa = XCConfigurationList;
			buildConfigurations = (
				983D97302197085000BE1A29 /* Debug */,
				983D97312197085000BE1A29 /* Release */,
			);
			defaultConfigurationIsVisible = 0;
			defaultConfigurationName = Release;
		};
/* End XCConfigurationList section */
	};
	rootObject = 983D971E2197085000BE1A29 /* Project object */;
}
